
Microsoft Visual Studio Solution File, Format Version 12.00
# Visual Studio Version 17
VisualStudioVersion = 17.5.002.0
MinimumVisualStudioVersion = 10.0.40219.1
Project("{5121a47b-5a0a-4a47-88f4-950f265d70c1}") = "ASPNETAPI.API", "ASPNETAPI.API\ASPNETAPI.API.csproj", "{15152072-6245-42db-bc0c-7847043524a3}"
EndProject
Project("{FAE04EC0-301F-11D3-BF4B-00C04F79EFBC}") = "ASPNETAPI.Data", "ASPNETAPI.Data\ASPNETAPI.Data.csproj", "{13789D89-945C-44A5-8FBE-09E813EA2657}"
EndProject
Global
	GlobalSection(SolutionConfigurationPlatforms) = preSolution
		Debug|Any CPU = Debug|Any CPU
		Release|Any CPU = Release|Any CPU
	EndGlobalSection
	GlobalSection(ProjectConfigurationPlatforms) = postSolution
		{E4D38540-1258-4CC7-A604-11A1E9451078}.Debug|Any CPU.ActiveCfg = Debug|Any CPU
		{E4D38540-1258-4CC7-A604-11A1E9451078}.Debug|Any CPU.Build.0 = Debug|Any CPU
		{E4D38540-1258-4CC7-A604-11A1E9451078}.Release|Any CPU.ActiveCfg = Release|Any CPU
		{E4D38540-1258-4CC7-A604-11A1E9451078}.Release|Any CPU.Build.0 = Release|Any CPU
		{13789D89-945C-44A5-8FBE-09E813EA2657}.Debug|Any CPU.ActiveCfg = Debug|Any CPU
		{13789D89-945C-44A5-8FBE-09E813EA2657}.Debug|Any CPU.Build.0 = Debug|Any CPU
		{13789D89-945C-44A5-8FBE-09E813EA2657}.Release|Any CPU.ActiveCfg = Release|Any CPU
		{13789D89-945C-44A5-8FBE-09E813EA2657}.Release|Any CPU.Build.0 = Release|Any CPU
	EndGlobalSection
	GlobalSection(SolutionProperties) = preSolution
		HideSolutionNode = FALSE
	EndGlobalSection
	GlobalSection(ExtensibilityGlobals) = postSolution
		SolutionGuid = {6F4631F3-6893-4330-9FD6-F3D586646B87}
	EndGlobalSection
EndGlobal
